# This file is generated by running "yarn install" inside your project.
# Manual changes might be lost - proceed with caution!

__metadata:
  version: 6
  cacheKey: 8c9

"@discordjs/builders@npm:^0.13.0":
  version: 0.13.0
  resolution: "@discordjs/builders@npm:0.13.0::__archiveUrl=https%3A%2F%2Fregistry.npmjs.org%2F%40discordjs%2Fbuilders%2F-%2Fbuilders-0.13.0.tgz"
  dependencies:
    "@sapphire/shapeshift": ^2.0.0
    "@sindresorhus/is": ^4.6.0
    discord-api-types: ^0.31.1
    fast-deep-equal: ^3.1.3
    ts-mixer: ^6.0.1
    tslib: ^2.3.1
  checksum: 1bce798b8f36b5abb09d8d42a660a5da6a9352ada03e0819d08ae6c98d4d8a556ed86485e252e53c448a40d17bf0d685e7f88f333db76f5b6b3bd562b9759d7c
  languageName: node
  linkType: hard

"@discordjs/collection@npm:^0.6.0":
  version: 0.6.0
  resolution: "@discordjs/collection@npm:0.6.0::__archiveUrl=https%3A%2F%2Fregistry.npmjs.org%2F%40discordjs%2Fcollection%2F-%2Fcollection-0.6.0.tgz"
  checksum: a08826f04e3ddaf079913e2e2069727d518b5a0ea79cbeb66d8b559297df6586a25490b4b2aeab631483f68c2160df769115b9b3e114d8437b707dec80b02bab
  languageName: node
  linkType: hard

"@sapphire/async-queue@npm:^1.3.1":
  version: 1.3.1
  resolution: "@sapphire/async-queue@npm:1.3.1::__archiveUrl=https%3A%2F%2Fregistry.npmjs.org%2F%40sapphire%2Fasync-queue%2F-%2Fasync-queue-1.3.1.tgz"
  checksum: 0f701c54221aa73322d590c212cf04794e5a7d7d0eab23d3fae02c37536a6b3edc3cd61e7672dbd8c8ca64eebb33aef03f785c3675f4bb88d0a29dabf3bcea92
  languageName: node
  linkType: hard

"@sapphire/shapeshift@npm:^2.0.0":
  version: 2.2.0
  resolution: "@sapphire/shapeshift@npm:2.2.0::__archiveUrl=https%3A%2F%2Fregistry.npmjs.org%2F%40sapphire%2Fshapeshift%2F-%2Fshapeshift-2.2.0.tgz"
  checksum: f6cdc706548b3c5acbcb24878bacfd5cc28629d72900bb53cf54911da3a42199a479c6875486824b17106360b7dc3c156f509ef9b04190fefa42d241ddec2696
  languageName: node
  linkType: hard

"@sindresorhus/is@npm:^4.6.0":
  version: 4.6.0
  resolution: "@sindresorhus/is@npm:4.6.0::__archiveUrl=https%3A%2F%2Fregistry.npmjs.org%2F%40sindresorhus%2Fis%2F-%2Fis-4.6.0.tgz"
  checksum: 83839f13da2c29d55c97abc3bc2c55b250d33a0447554997a85c539e058e57b8da092da396e252b11ec24a0279a0bed1f537fa26302209327060643e327f81d2
  languageName: node
  linkType: hard

"@types/keyv@npm:^3.1.1":
  version: 3.1.4
  resolution: "@types/keyv@npm:3.1.4::__archiveUrl=https%3A%2F%2Fregistry.npmjs.org%2F%40types%2Fkeyv%2F-%2Fkeyv-3.1.4.tgz"
  dependencies:
    "@types/node": "*"
  checksum: e009a2bfb50e90ca9b7c6e8f648f8464067271fd99116f881073fa6fa76dc8d0133181dd65e6614d5fb1220d671d67b0124aef7d97dc02d7e342ab143a47779d
  languageName: node
  linkType: hard

"@types/node-fetch@npm:^2.6.1":
  version: 2.6.1
  resolution: "@types/node-fetch@npm:2.6.1::__archiveUrl=https%3A%2F%2Fregistry.npmjs.org%2F%40types%2Fnode-fetch%2F-%2Fnode-fetch-2.6.1.tgz"
  dependencies:
    "@types/node": "*"
    form-data: ^3.0.0
  checksum: a3e5d7f413d1638d795dff03f7b142b1b0e0c109ed210479000ce7b3ea11f9a6d89d9a024c96578d9249570c5fe5287a5f0f4aaba98199222230196ff2d6b283
  languageName: node
  linkType: hard

"@types/node@npm:*":
  version: 17.0.35
  resolution: "@types/node@npm:17.0.35::__archiveUrl=https%3A%2F%2Fregistry.npmjs.org%2F%40types%2Fnode%2F-%2Fnode-17.0.35.tgz"
  checksum: 7a24946ae7fd20267ed92466384f594e448bfb151081158d565cc635d406ecb29ea8fb85fcd2a1f71efccf26fb5bd3c6f509bde56077eb8b832b847a6664bc62
  languageName: node
  linkType: hard

"@types/responselike@npm:^1.0.0":
  version: 1.0.0
  resolution: "@types/responselike@npm:1.0.0::__archiveUrl=https%3A%2F%2Fregistry.npmjs.org%2F%40types%2Fresponselike%2F-%2Fresponselike-1.0.0.tgz"
  dependencies:
    "@types/node": "*"
  checksum: e99fc7cc6265407987b30deda54c1c24bb1478803faf6037557a774b2f034c5b097ffd65847daa87e82a61a250d919f35c3588654b0fdaa816906650f596d1b0
  languageName: node
  linkType: hard

"@types/ws@npm:^8.5.3":
  version: 8.5.3
  resolution: "@types/ws@npm:8.5.3::__archiveUrl=https%3A%2F%2Fregistry.npmjs.org%2F%40types%2Fws%2F-%2Fws-8.5.3.tgz"
  dependencies:
    "@types/node": "*"
  checksum: 0ce46f850d41383fcdc2149bcacc86d7232fa7a233f903d2246dff86e31701a02f8566f40af5f8b56d1834779255c04ec6ec78660fe0f9b2a69cf3d71937e4ae
  languageName: node
  linkType: hard

"ajv@npm:^6.12.3":
  version: 6.12.6
  resolution: "ajv@npm:6.12.6::__archiveUrl=https%3A%2F%2Fregistry.npmjs.org%2Fajv%2F-%2Fajv-6.12.6.tgz"
  dependencies:
    fast-deep-equal: ^3.1.1
    fast-json-stable-stringify: ^2.0.0
    json-schema-traverse: ^0.4.1
    uri-js: ^4.2.2
  checksum: 874972efe5c4202ab0a68379481fbd3d1b5d0a7bd6d3cc21d40d3536ebff3352a2a1fabb632d4fd2cc7fe4cbdcd5ed6782084c9bbf7f32a1536d18f9da5007d4
  languageName: node
  linkType: hard

"asn1@npm:~0.2.3":
  version: 0.2.6
  resolution: "asn1@npm:0.2.6::__archiveUrl=https%3A%2F%2Fregistry.npmjs.org%2Fasn1%2F-%2Fasn1-0.2.6.tgz"
  dependencies:
    safer-buffer: ~2.1.0
  checksum: 39f2ae343b03c15ad4f238ba561e626602a3de8d94ae536c46a4a93e69578826305366dc09fbb9b56aec39b4982a463682f259c38e59f6fa380cd72cd61e493d
  languageName: node
  linkType: hard

"assert-plus@npm:1.0.0, assert-plus@npm:^1.0.0":
  version: 1.0.0
  resolution: "assert-plus@npm:1.0.0::__archiveUrl=https%3A%2F%2Fregistry.npmjs.org%2Fassert-plus%2F-%2Fassert-plus-1.0.0.tgz"
  checksum: 19b4340cb8f0e6a981c07225eacac0e9d52c2644c080198765d63398f0075f83bbc0c8e95474d54224e297555ad0d631c1dcd058adb1ddc2437b41a6b424ac64
  languageName: node
  linkType: hard

"asynckit@npm:^0.4.0":
  version: 0.4.0
  resolution: "asynckit@npm:0.4.0::__archiveUrl=https%3A%2F%2Fregistry.npmjs.org%2Fasynckit%2F-%2Fasynckit-0.4.0.tgz"
  checksum: 7b78c451df768adba04e2d02e63e2d0bf3b07adcd6e42b4cf665cb7ce899bedd344c69a1dcbce355b5f972d597b25aaa1c1742b52cffd9caccb22f348114f6be
  languageName: node
  linkType: hard

"aws-sign2@npm:~0.7.0":
  version: 0.7.0
  resolution: "aws-sign2@npm:0.7.0::__archiveUrl=https%3A%2F%2Fregistry.npmjs.org%2Faws-sign2%2F-%2Faws-sign2-0.7.0.tgz"
  checksum: b148b0bb0778098ad8cf7e5fc619768bcb51236707ca1d3e5b49e41b171166d8be9fdc2ea2ae43d7decf02989d0aaa3a9c4caa6f320af95d684de9b548a71525
  languageName: node
  linkType: hard

"aws4@npm:^1.8.0":
  version: 1.11.0
  resolution: "aws4@npm:1.11.0::__archiveUrl=https%3A%2F%2Fregistry.npmjs.org%2Faws4%2F-%2Faws4-1.11.0.tgz"
  checksum: 39a7a495c82293633a6414bdad17d0733dd445dd8d5137fbc22302eed1029283a6244941b1923e8b0215b0ed86668f30d74fc32378edfad9b3565aa233abf4b0
  languageName: node
  linkType: hard

"bcrypt-pbkdf@npm:^1.0.0":
  version: 1.0.2
  resolution: "bcrypt-pbkdf@npm:1.0.2::__archiveUrl=https%3A%2F%2Fregistry.npmjs.org%2Fbcrypt-pbkdf%2F-%2Fbcrypt-pbkdf-1.0.2.tgz"
  dependencies:
    tweetnacl: ^0.14.3
  checksum: 4edfc9fe7d07019609ccf797a2af28351736e9d012c8402a07120c4453a3b789a15f2ee1530dc49eee8f7eb9379331a8dd4b3766042b9e502f74a68e7f662291
  languageName: node
  linkType: hard

"bluebird@npm:^3.5.0":
  version: 3.7.2
  resolution: "bluebird@npm:3.7.2::__archiveUrl=https%3A%2F%2Fregistry.npmjs.org%2Fbluebird%2F-%2Fbluebird-3.7.2.tgz"
  checksum: 869417503c722e7dc54ca46715f70e15f4d9c602a423a02c825570862d12935be59ed9c7ba34a9b31f186c017c23cac6b54e35446f8353059c101da73eac22ef
  languageName: node
  linkType: hard

"capture-stack-trace@npm:^1.0.0":
  version: 1.0.1
  resolution: "capture-stack-trace@npm:1.0.1::__archiveUrl=https%3A%2F%2Fregistry.npmjs.org%2Fcapture-stack-trace%2F-%2Fcapture-stack-trace-1.0.1.tgz"
  checksum: 493668211de1307009589aeba5c382dc8b1011a41ca02f033b5f5a489ee174323a4b31d5afdc4bd48f64e1dd23b2521ddda4dbdcd382767e140f94b555f8f332
  languageName: node
  linkType: hard

"caseless@npm:~0.12.0":
  version: 0.12.0
  resolution: "caseless@npm:0.12.0::__archiveUrl=https%3A%2F%2Fregistry.npmjs.org%2Fcaseless%2F-%2Fcaseless-0.12.0.tgz"
  checksum: b43bd4c440aa1e8ee6baefee8063b4850fd0d7b378f6aabc796c9ec8cb26d27fb30b46885350777d9bd079c5256c0e1329ad0dc7c2817e0bb466810ebb353751
  languageName: node
  linkType: hard

"combined-stream@npm:^1.0.6, combined-stream@npm:^1.0.8, combined-stream@npm:~1.0.6":
  version: 1.0.8
  resolution: "combined-stream@npm:1.0.8::__archiveUrl=https%3A%2F%2Fregistry.npmjs.org%2Fcombined-stream%2F-%2Fcombined-stream-1.0.8.tgz"
  dependencies:
    delayed-stream: ~1.0.0
  checksum: 49fa4aeb4916567e33ea81d088f6584749fc90c7abec76fd516bf1c5aa5c79f3584b5ba3de6b86d26ddd64bae5329c4c7479343250cfe71c75bb366eae53bb7c
  languageName: node
  linkType: hard

"core-util-is@npm:1.0.2":
  version: 1.0.2
  resolution: "core-util-is@npm:1.0.2::__archiveUrl=https%3A%2F%2Fregistry.npmjs.org%2Fcore-util-is%2F-%2Fcore-util-is-1.0.2.tgz"
  checksum: 7a4c925b497a2c91421e25bf76d6d8190f0b2359a9200dbeed136e63b2931d6294d3b1893eda378883ed363cd950f44a12a401384c609839ea616befb7927dab
  languageName: node
  linkType: hard

"create-error-class@npm:^3.0.0":
  version: 3.0.2
  resolution: "create-error-class@npm:3.0.2::__archiveUrl=https%3A%2F%2Fregistry.npmjs.org%2Fcreate-error-class%2F-%2Fcreate-error-class-3.0.2.tgz"
  dependencies:
    capture-stack-trace: ^1.0.0
  checksum: 7254a6f96002d3226d3c1fec952473398761eb4fb12624c5dce6ed0017cdfad6de39b29aa7139680d7dcf416c25f2f308efda6eb6d9b7123f829b19ef8271511
  languageName: node
  linkType: hard

"creative-generation@workspace:.":
  version: 0.0.0-use.local
  resolution: "creative-generation@workspace:."
  dependencies:
    discord.js: ^13.7.0
    fs: ^0.0.2
    giphy-api: ^2.0.2
    google-images: ^2.1.0
    log4js: ^6.5.1
    mime-types: ^2.1.35
    node-os-utils: ^1.3.6
    node.extend: ^2.0.2
    path: ^0.12.7
    querystring: ^0.2.1
    request: ^2.88.2
    request-promise: ^4.2.6
    xml2js: ^0.4.23
  languageName: unknown
  linkType: soft

"dashdash@npm:^1.12.0":
  version: 1.14.1
  resolution: "dashdash@npm:1.14.1::__archiveUrl=https%3A%2F%2Fregistry.npmjs.org%2Fdashdash%2F-%2Fdashdash-1.14.1.tgz"
  dependencies:
    assert-plus: ^1.0.0
  checksum: 3634c249570f7f34e3d34f866c93f866c5b417f0dd616275decae08147dcdf8fccfaa5947380ccfb0473998ea3a8057c0b4cd90c875740ee685d0624b2983598
  languageName: node
  linkType: hard

"date-format@npm:^4.0.10":
  version: 4.0.10
  resolution: "date-format@npm:4.0.10::__archiveUrl=https%3A%2F%2Fregistry.npmjs.org%2Fdate-format%2F-%2Fdate-format-4.0.10.tgz"
  checksum: 677c8e022a5efcead2c869d18b3b1a3b61df6c2c464545ec91e68ea890088dae7704e5822009af420ea8bb26325ffce01be599cc9f087879ea4aefc70a964c7b
  languageName: node
  linkType: hard

"debug@npm:^4.3.4":
  version: 4.3.4
  resolution: "debug@npm:4.3.4::__archiveUrl=https%3A%2F%2Fregistry.npmjs.org%2Fdebug%2F-%2Fdebug-4.3.4.tgz"
  dependencies:
    ms: 2.1.2
  peerDependenciesMeta:
    supports-color:
      optional: true
  checksum: 3dbad3f94ea64f34431a9cbf0bafb61853eda57bff2880036153438f50fb5a84f27683ba0d8e5426bf41a8c6ff03879488120cf5b3a761e77953169c0600a708
  languageName: node
  linkType: hard

"delayed-stream@npm:~1.0.0":
  version: 1.0.0
  resolution: "delayed-stream@npm:1.0.0::__archiveUrl=https%3A%2F%2Fregistry.npmjs.org%2Fdelayed-stream%2F-%2Fdelayed-stream-1.0.0.tgz"
  checksum: ea121c9f8e13bd3350e29e2ebbd61a88d97f8056693dcf404205f260896f5e37720072597fdec2f52e65743d95a865c0174f6ef3dc55b822dedcfb250a5162fd
  languageName: node
  linkType: hard

"discord-api-types@npm:^0.30.0":
  version: 0.30.0
  resolution: "discord-api-types@npm:0.30.0::__archiveUrl=https%3A%2F%2Fregistry.npmjs.org%2Fdiscord-api-types%2F-%2Fdiscord-api-types-0.30.0.tgz"
  checksum: c32281f9a0b3ea1ec68b08d402febe075b22124d98afcc30913f8dfc36e638fc28a5fde58ab9fceaa864fb563bf3e72ff0cf877484f3c170a0f03931ac6ebf46
  languageName: node
  linkType: hard

"discord-api-types@npm:^0.31.1":
  version: 0.31.2
  resolution: "discord-api-types@npm:0.31.2::__archiveUrl=https%3A%2F%2Fregistry.npmjs.org%2Fdiscord-api-types%2F-%2Fdiscord-api-types-0.31.2.tgz"
  checksum: b5258df9394ebc21f26a813e21edd4eb02db71bc191b3fca5e9594560bcd916be513c300eb856697a2c5f3154a736be869f4d591358276e898f1f7d4ac0d0e6f
  languageName: node
  linkType: hard

"discord.js@npm:^13.7.0":
  version: 13.7.0
  resolution: "discord.js@npm:13.7.0::__archiveUrl=https%3A%2F%2Fregistry.npmjs.org%2Fdiscord.js%2F-%2Fdiscord.js-13.7.0.tgz"
  dependencies:
    "@discordjs/builders": ^0.13.0
    "@discordjs/collection": ^0.6.0
    "@sapphire/async-queue": ^1.3.1
    "@types/node-fetch": ^2.6.1
    "@types/ws": ^8.5.3
    discord-api-types: ^0.30.0
    form-data: ^4.0.0
    node-fetch: ^2.6.1
    ws: ^8.6.0
  checksum: 2bab21c610401af57fae4ab5cf276a5201cfb321b306d9dc74c338b939ad051d3b5f47b465595f46ae41ed06cb1d4e0581fd7980852f91d3f18b4da5f70ef391
  languageName: node
  linkType: hard

"duplexer3@npm:^0.1.4":
  version: 0.1.4
  resolution: "duplexer3@npm:0.1.4::__archiveUrl=https%3A%2F%2Fregistry.npmjs.org%2Fduplexer3%2F-%2Fduplexer3-0.1.4.tgz"
  checksum: c2fd6969314607d23439c583699aaa43c4100d66b3e161df55dccd731acc57d5c81a64bb4f250805fbe434ddb1d2623fee2386fb890f5886ca1298690ec53415
  languageName: node
  linkType: hard

"ecc-jsbn@npm:~0.1.1":
  version: 0.1.2
  resolution: "ecc-jsbn@npm:0.1.2::__archiveUrl=https%3A%2F%2Fregistry.npmjs.org%2Fecc-jsbn%2F-%2Fecc-jsbn-0.1.2.tgz"
  dependencies:
    jsbn: ~0.1.0
    safer-buffer: ^2.1.0
  checksum: 22fef4b6203e5f31d425f5b711eb389e4c6c2723402e389af394f8411b76a488fa414d309d866e2b577ce3e8462d344205545c88a8143cc21752a5172818888a
  languageName: node
  linkType: hard

"extend@npm:~3.0.2":
  version: 3.0.2
  resolution: "extend@npm:3.0.2::__archiveUrl=https%3A%2F%2Fregistry.npmjs.org%2Fextend%2F-%2Fextend-3.0.2.tgz"
  checksum: a50a8309ca65ea5d426382ff09f33586527882cf532931cb08ca786ea3146c0553310bda688710ff61d7668eba9f96b923fe1420cdf56a2c3eaf30fcab87b515
  languageName: node
  linkType: hard

"extsprintf@npm:1.3.0":
  version: 1.3.0
  resolution: "extsprintf@npm:1.3.0::__archiveUrl=https%3A%2F%2Fregistry.npmjs.org%2Fextsprintf%2F-%2Fextsprintf-1.3.0.tgz"
  checksum: 27c76af290a4a1358fc8b6b185c9555498f9b263233bbccbf0c5e764e058d5b9e9e2668670b76ae011b38a88e5de1c9c3245d5a843086813457fffee2e1a1cb7
  languageName: node
  linkType: hard

"extsprintf@npm:^1.2.0":
  version: 1.4.1
  resolution: "extsprintf@npm:1.4.1::__archiveUrl=https%3A%2F%2Fregistry.npmjs.org%2Fextsprintf%2F-%2Fextsprintf-1.4.1.tgz"
  checksum: a2f29b241914a8d2bad64363de684821b6b1609d06ae68d5b539e4de6b28659715b5bea94a7265201603713b7027d35399d10b0548f09071c5513e65e8323d33
  languageName: node
  linkType: hard

"fast-deep-equal@npm:^3.1.1, fast-deep-equal@npm:^3.1.3":
  version: 3.1.3
  resolution: "fast-deep-equal@npm:3.1.3::__archiveUrl=https%3A%2F%2Fregistry.npmjs.org%2Ffast-deep-equal%2F-%2Ffast-deep-equal-3.1.3.tgz"
  checksum: e21a9d8d84f53493b6aa15efc9cfd53dd5b714a1f23f67fb5dc8f574af80df889b3bce25dc081887c6d25457cce704e636395333abad896ccdec03abaf1f3f9d
  languageName: node
  linkType: hard

"fast-json-stable-stringify@npm:^2.0.0":
  version: 2.1.0
  resolution: "fast-json-stable-stringify@npm:2.1.0::__archiveUrl=https%3A%2F%2Fregistry.npmjs.org%2Ffast-json-stable-stringify%2F-%2Ffast-json-stable-stringify-2.1.0.tgz"
  checksum: 4148713b2ac857b2a70536ee5d0255292ec2da7610d2ccb9bea4dd5203f1d540a64c5d855e39c4757c58d6d5091f2cb1d7d94b54eb18058bf9e690509ee3937c
  languageName: node
  linkType: hard

"flatted@npm:^3.2.5":
  version: 3.2.5
  resolution: "flatted@npm:3.2.5::__archiveUrl=https%3A%2F%2Fregistry.npmjs.org%2Fflatted%2F-%2Fflatted-3.2.5.tgz"
  checksum: 24a8153addda522a046d2e2172ac52efc700e452087418d669dd590c3ff96ad45db32dfdfe240127b8dcd12bc4184fdffd445f80bb089594d8f3b5770d11c3ca
  languageName: node
  linkType: hard

"forever-agent@npm:~0.6.1":
  version: 0.6.1
  resolution: "forever-agent@npm:0.6.1::__archiveUrl=https%3A%2F%2Fregistry.npmjs.org%2Fforever-agent%2F-%2Fforever-agent-0.6.1.tgz"
  checksum: 766ae6e220f5fe23676bb4c6a99387cec5b7b62ceb99e10923376e27bfea72f3c3aeec2ba5f45f3f7ba65d6616965aa7c20b15002b6860833bb6e394dea546a8
  languageName: node
  linkType: hard

"form-data@npm:^3.0.0":
  version: 3.0.1
  resolution: "form-data@npm:3.0.1::__archiveUrl=https%3A%2F%2Fregistry.npmjs.org%2Fform-data%2F-%2Fform-data-3.0.1.tgz"
  dependencies:
    asynckit: ^0.4.0
    combined-stream: ^1.0.8
    mime-types: ^2.1.12
  checksum: b019e8d35c8afc14a2bd8a7a92fa4f525a4726b6d5a9740e8d2623c30e308fbb58dc8469f90415a856698933c8479b01646a9dff33c87cc4e76d72aedbbf860d
  languageName: node
  linkType: hard

"form-data@npm:^4.0.0":
  version: 4.0.0
  resolution: "form-data@npm:4.0.0::__archiveUrl=https%3A%2F%2Fregistry.npmjs.org%2Fform-data%2F-%2Fform-data-4.0.0.tgz"
  dependencies:
    asynckit: ^0.4.0
    combined-stream: ^1.0.8
    mime-types: ^2.1.12
  checksum: 01135bf8675f9d5c61ff18e2e2932f719ca4de964e3be90ef4c36aacfc7b9cb2fceb5eca0b7e0190e3383fe51c5b37f4cb80b62ca06a99aaabfcfd6ac7c9328c
  languageName: node
  linkType: hard

"form-data@npm:~2.3.2":
  version: 2.3.3
  resolution: "form-data@npm:2.3.3::__archiveUrl=https%3A%2F%2Fregistry.npmjs.org%2Fform-data%2F-%2Fform-data-2.3.3.tgz"
  dependencies:
    asynckit: ^0.4.0
    combined-stream: ^1.0.6
    mime-types: ^2.1.12
  checksum: 10c1780fa13dbe1ff3100114c2ce1f9307f8be10b14bf16e103815356ff567b6be39d70fc4a40f8990b9660012dc24b0f5e1dde1b6426166eb23a445ba068ca3
  languageName: node
  linkType: hard

"fs-extra@npm:^10.1.0":
  version: 10.1.0
  resolution: "fs-extra@npm:10.1.0::__archiveUrl=https%3A%2F%2Fregistry.npmjs.org%2Ffs-extra%2F-%2Ffs-extra-10.1.0.tgz"
  dependencies:
    graceful-fs: ^4.2.0
    jsonfile: ^6.0.1
    universalify: ^2.0.0
  checksum: dc94ab37096f813cc3ca12f0f1b5ad6744dfed9ed21e953d72530d103cea193c2f81584a39e9dee1bea36de5ee66805678c0dddc048e8af1427ac19c00fffc50
  languageName: node
  linkType: hard

"fs@npm:^0.0.2":
  version: 0.0.2
  resolution: "fs@npm:0.0.2::__archiveUrl=https%3A%2F%2Fregistry.npmjs.org%2Ffs%2F-%2Ffs-0.0.2.tgz"
  checksum: 7fd90770f7f2d4c0c8568f440baf6d882f9fdb6f7f7607369bb2d4b66c74dfb27985a1d9628ed63e74fbbd1a27fb8e206a2ecd8db6332bae3792e55fc89355ea
  languageName: node
  linkType: hard

"function-bind@npm:^1.1.1":
  version: 1.1.1
  resolution: "function-bind@npm:1.1.1::__archiveUrl=https%3A%2F%2Fregistry.npmjs.org%2Ffunction-bind%2F-%2Ffunction-bind-1.1.1.tgz"
  checksum: b32fbaebb3f8ec4969f033073b43f5c8befbb58f1a79e12f1d7490358150359ebd92f49e72ff0144f65f2c48ea2a605bff2d07965f548f6474fd8efd95bf361a
  languageName: node
  linkType: hard

"get-stream@npm:^3.0.0":
  version: 3.0.0
  resolution: "get-stream@npm:3.0.0::__archiveUrl=https%3A%2F%2Fregistry.npmjs.org%2Fget-stream%2F-%2Fget-stream-3.0.0.tgz"
  checksum: 36142f46005ed74ce3a45c55545ec4e7da8e243554179e345a786baf144e5c4a35fb7bdc49fadfa9f18bd08000589b6fe364abdadfc4e1eb0e1b9914a6bb9c56
  languageName: node
  linkType: hard

"getpass@npm:^0.1.1":
  version: 0.1.7
  resolution: "getpass@npm:0.1.7::__archiveUrl=https%3A%2F%2Fregistry.npmjs.org%2Fgetpass%2F-%2Fgetpass-0.1.7.tgz"
  dependencies:
    assert-plus: ^1.0.0
  checksum: ab18d55661db264e3eac6012c2d3daeafaab7a501c035ae0ccb193c3c23e9849c6e29b6ac762b9c2adae460266f925d55a3a2a3a3c8b94be2f222df94d70c046
  languageName: node
  linkType: hard

"giphy-api@npm:^2.0.2":
  version: 2.0.2
  resolution: "giphy-api@npm:2.0.2::__archiveUrl=https%3A%2F%2Fregistry.npmjs.org%2Fgiphy-api%2F-%2Fgiphy-api-2.0.2.tgz"
  checksum: c050e9217b924f35a9d6c18204c46270ad3d6edba6794227a80f271c22f776d7172e7a78e05c9a7ac55017ecb4c43c8ef4fed8eb7a5ddac2c9afdc559394a31d
  languageName: node
  linkType: hard

"google-images@npm:^2.1.0":
  version: 2.1.0
  resolution: "google-images@npm:2.1.0::__archiveUrl=https%3A%2F%2Fregistry.npmjs.org%2Fgoogle-images%2F-%2Fgoogle-images-2.1.0.tgz"
  dependencies:
    got: ^6.7.1
  checksum: 941757235b2366a4124f7ca901bed51d34d321b8bd084a192624cbfdd428eca7fa54c1e12ad36c18656de749f58f6d566b4f6ad05233d6be81d55926ad57c8c7
  languageName: node
  linkType: hard

"got@npm:^6.7.1":
  version: 6.7.1
  resolution: "got@npm:6.7.1::__archiveUrl=https%3A%2F%2Fregistry.npmjs.org%2Fgot%2F-%2Fgot-6.7.1.tgz"
  dependencies:
    create-error-class: ^3.0.0
    duplexer3: ^0.1.4
    get-stream: ^3.0.0
    is-redirect: ^1.0.0
    is-retry-allowed: ^1.0.0
    is-stream: ^1.0.0
    lowercase-keys: ^1.0.0
    safe-buffer: ^5.0.1
    timed-out: ^4.0.0
    unzip-response: ^2.0.1
    url-parse-lax: ^1.0.0
  checksum: e816306dbd968aa74c6bebcb611797fc08fe84af0f274b3af75d7d6a1f745bdf0dfe9279be0047646038b8b40ac94735d11187be1fb74069831520ae70fbd507
  languageName: node
  linkType: hard

"graceful-fs@npm:^4.1.6, graceful-fs@npm:^4.2.0":
  version: 4.2.10
  resolution: "graceful-fs@npm:4.2.10::__archiveUrl=https%3A%2F%2Fregistry.npmjs.org%2Fgraceful-fs%2F-%2Fgraceful-fs-4.2.10.tgz"
  checksum: 3f109d70ae123951905d85032ebeae3c2a5a7a997430df00ea30df0e3a6c60cf6689b109654d6fdacd28810a053348c4d14642da1d075049e6be1ba5216218da
  languageName: node
  linkType: hard

"har-schema@npm:^2.0.0":
  version: 2.0.0
  resolution: "har-schema@npm:2.0.0::__archiveUrl=https%3A%2F%2Fregistry.npmjs.org%2Fhar-schema%2F-%2Fhar-schema-2.0.0.tgz"
  checksum: d8946348f333fb09e2bf24cc4c67eabb47c8e1d1aa1c14184c7ffec1140a49ec8aa78aa93677ae452d71d5fc0fdeec20f0c8c1237291fc2bcb3f502a5d204f9b
  languageName: node
  linkType: hard

"har-validator@npm:~5.1.3":
  version: 5.1.5
  resolution: "har-validator@npm:5.1.5::__archiveUrl=https%3A%2F%2Fregistry.npmjs.org%2Fhar-validator%2F-%2Fhar-validator-5.1.5.tgz"
  dependencies:
    ajv: ^6.12.3
    har-schema: ^2.0.0
  checksum: b998a7269ca560d7f219eedc53e2c664cd87d487e428ae854a6af4573fc94f182fe9d2e3b92ab968249baec7ebaf9ead69cf975c931dc2ab282ec182ee988280
  languageName: node
  linkType: hard

"has@npm:^1.0.3":
  version: 1.0.3
  resolution: "has@npm:1.0.3::__archiveUrl=https%3A%2F%2Fregistry.npmjs.org%2Fhas%2F-%2Fhas-1.0.3.tgz"
  dependencies:
    function-bind: ^1.1.1
  checksum: b9ad53d53be4af90ce5d1c38331e712522417d017d5ef1ebd0507e07c2fbad8686fffb8e12ddecd4c39ca9b9b47431afbb975b8abf7f3c3b82c98e9aad052792
  languageName: node
  linkType: hard

"http-signature@npm:~1.2.0":
  version: 1.2.0
  resolution: "http-signature@npm:1.2.0::__archiveUrl=https%3A%2F%2Fregistry.npmjs.org%2Fhttp-signature%2F-%2Fhttp-signature-1.2.0.tgz"
  dependencies:
    assert-plus: ^1.0.0
    jsprim: ^1.2.2
    sshpk: ^1.7.0
  checksum: 3324598712266a9683585bb84a75dec4fd550567d5e0dd4a0fff6ff3f74348793404d3eeac4918fa0902c810eeee1a86419e4a2e92a164132dfe6b26743fb47c
  languageName: node
  linkType: hard

"inherits@npm:2.0.3":
  version: 2.0.3
  resolution: "inherits@npm:2.0.3::__archiveUrl=https%3A%2F%2Fregistry.npmjs.org%2Finherits%2F-%2Finherits-2.0.3.tgz"
  checksum: 78cb8d7d850d20a5e9a7f3620db31483aa00ad5f722ce03a55b110e5a723539b3716a3b463e2b96ce3fe286f33afc7c131fa2f91407528ba80cea98a7545d4c0
  languageName: node
  linkType: hard

"is-redirect@npm:^1.0.0":
  version: 1.0.0
  resolution: "is-redirect@npm:1.0.0::__archiveUrl=https%3A%2F%2Fregistry.npmjs.org%2Fis-redirect%2F-%2Fis-redirect-1.0.0.tgz"
  checksum: 25dd3d9943f57ef0f29d28e2d9deda8288e0c7098ddc65abec3364ced9a6491ea06cfaf5110c61fc40ec1fde706b73cee5d171f85278edbf4e409b85725bfea7
  languageName: node
  linkType: hard

"is-retry-allowed@npm:^1.0.0":
  version: 1.2.0
  resolution: "is-retry-allowed@npm:1.2.0::__archiveUrl=https%3A%2F%2Fregistry.npmjs.org%2Fis-retry-allowed%2F-%2Fis-retry-allowed-1.2.0.tgz"
  checksum: 50d700a89ae31926b1c91b3eb0104dbceeac8790d8b80d02f5c76d9a75c2056f1bb24b5268a8a018dead606bddf116b2262e5ac07401eb8b8783b266ed22558d
  languageName: node
  linkType: hard

"is-stream@npm:^1.0.0":
  version: 1.1.0
  resolution: "is-stream@npm:1.1.0::__archiveUrl=https%3A%2F%2Fregistry.npmjs.org%2Fis-stream%2F-%2Fis-stream-1.1.0.tgz"
  checksum: 063c6bec9d5647aa6d42108d4c59723d2bd4ae42135a2d4db6eadbd49b7ea05b750fd69d279e5c7c45cf9da753ad2c00d8978be354d65aa9f6bb434969c6a2ae
  languageName: node
  linkType: hard

"is-typedarray@npm:~1.0.0":
  version: 1.0.0
  resolution: "is-typedarray@npm:1.0.0::__archiveUrl=https%3A%2F%2Fregistry.npmjs.org%2Fis-typedarray%2F-%2Fis-typedarray-1.0.0.tgz"
  checksum: 3508c6cd0a9ee2e0df2fa2e9baabcdc89e911c7bd5cf64604586697212feec525aa21050e48affb5ffc3df20f0f5d2e2cf79b08caa64e1ccc9578e251763aef7
  languageName: node
  linkType: hard

"is@npm:^3.2.1":
  version: 3.3.0
  resolution: "is@npm:3.3.0::__archiveUrl=https%3A%2F%2Fregistry.npmjs.org%2Fis%2F-%2Fis-3.3.0.tgz"
  checksum: 81fad3b40c606984c2d0699207c4c48d2a0d29cc834b274d0b74c172f3eeebdb981301fe0d690ce090a96bf021a8a1f8b1325262ad9870c525e557ac4a559c56
  languageName: node
  linkType: hard

"isstream@npm:~0.1.2":
  version: 0.1.2
  resolution: "isstream@npm:0.1.2::__archiveUrl=https%3A%2F%2Fregistry.npmjs.org%2Fisstream%2F-%2Fisstream-0.1.2.tgz"
  checksum: a4f6f704da98cd5320963da12e77e828cb6c3162a5ae7434d7bd5431b939f116d02868f1c53633570eaa6eb5410f20d3b5874ca40e1dfabec6ec166f62571ed6
  languageName: node
  linkType: hard

"jsbn@npm:~0.1.0":
  version: 0.1.1
  resolution: "jsbn@npm:0.1.1::__archiveUrl=https%3A%2F%2Fregistry.npmjs.org%2Fjsbn%2F-%2Fjsbn-0.1.1.tgz"
  checksum: 4e71a36af6d7e42f1f6ce3f4f066aa89b71a804a6141e2b1b1ae58b5e9d0c2fdabc98c63d6891cdfc21447a49169889c14056a0127823bdf7fb49f287b827067
  languageName: node
  linkType: hard

"json-schema-traverse@npm:^0.4.1":
  version: 0.4.1
  resolution: "json-schema-traverse@npm:0.4.1::__archiveUrl=https%3A%2F%2Fregistry.npmjs.org%2Fjson-schema-traverse%2F-%2Fjson-schema-traverse-0.4.1.tgz"
  checksum: 7486074d3ba247769fda17d5181b345c9fb7d12e0da98b22d1d71a5db9698d8b4bd900a3ec1a4ffdd60846fc2556274a5c894d0c48795f14cb03aeae7b55260b
  languageName: node
  linkType: hard

"json-schema@npm:0.4.0":
  version: 0.4.0
  resolution: "json-schema@npm:0.4.0::__archiveUrl=https%3A%2F%2Fregistry.npmjs.org%2Fjson-schema%2F-%2Fjson-schema-0.4.0.tgz"
  checksum: 66389434c3469e698da0df2e7ac5a3281bcff75e797a5c127db7c5b56270e01ae13d9afa3c03344f76e32e81678337a8c912bdbb75101c62e487dc3778461d72
  languageName: node
  linkType: hard

"json-stringify-safe@npm:~5.0.1":
  version: 5.0.1
  resolution: "json-stringify-safe@npm:5.0.1::__archiveUrl=https%3A%2F%2Fregistry.npmjs.org%2Fjson-stringify-safe%2F-%2Fjson-stringify-safe-5.0.1.tgz"
  checksum: 8b031b91c9744156819219a701b22e9348527fee87ff1140287f4048f041fb1dfedfacd301c426cce5fd1cfafea4c0d3b12020d2ffe906bbc83708c7ee8d6351
  languageName: node
  linkType: hard

"jsonfile@npm:^6.0.1":
  version: 6.1.0
  resolution: "jsonfile@npm:6.1.0::__archiveUrl=https%3A%2F%2Fregistry.npmjs.org%2Fjsonfile%2F-%2Fjsonfile-6.1.0.tgz"
  dependencies:
    graceful-fs: ^4.1.6
    universalify: ^2.0.0
  dependenciesMeta:
    graceful-fs:
      optional: true
  checksum: 7af3b8e1ac8fe7f1eccc6263c6ca14e1966fcbc74b618d3c78a0a2075579487547b94f72b7a1114e844a1e15bb00d440e5d1720bfc4612d790a6f285d5ea8354
  languageName: node
  linkType: hard

"jsprim@npm:^1.2.2":
  version: 1.4.2
  resolution: "jsprim@npm:1.4.2::__archiveUrl=https%3A%2F%2Fregistry.npmjs.org%2Fjsprim%2F-%2Fjsprim-1.4.2.tgz"
  dependencies:
    assert-plus: 1.0.0
    extsprintf: 1.3.0
    json-schema: 0.4.0
    verror: 1.10.0
  checksum: 2ad1b9fdcccae8b3d580fa6ced25de930eaa1ad154db21bbf8478a4d30bbbec7925b5f5ff29b933fba9412b16a17bd484a8da4fdb3663b5e27af95dd693bab2a
  languageName: node
  linkType: hard

"lodash@npm:^4.17.19":
  version: 4.17.21
  resolution: "lodash@npm:4.17.21::__archiveUrl=https%3A%2F%2Fregistry.npmjs.org%2Flodash%2F-%2Flodash-4.17.21.tgz"
  checksum: 46dd2c44aee07a019d3eadf4e39f10a3fdd0f6c298ad2dd140cbc185d7d15a67299c6b3dbf22c486dda6463b859eb7ec3a6712a3ac4f2027b09d8dff48c2b774
  languageName: node
  linkType: hard

"log4js@npm:^6.5.1":
  version: 6.5.1
  resolution: "log4js@npm:6.5.1::__archiveUrl=https%3A%2F%2Fregistry.npmjs.org%2Flog4js%2F-%2Flog4js-6.5.1.tgz"
  dependencies:
    date-format: ^4.0.10
    debug: ^4.3.4
    flatted: ^3.2.5
    rfdc: ^1.3.0
    streamroller: ^3.1.1
  checksum: 53e16766caa2c8235b054420799d053e2397fc816e99c1d93119ee07ab7d06239ee319cc9f1627c6119dd30994e7c4941f71e03e9fab8996206303bde7867220
  languageName: node
  linkType: hard

"lowercase-keys@npm:^1.0.0":
  version: 1.0.1
  resolution: "lowercase-keys@npm:1.0.1::__archiveUrl=https%3A%2F%2Fregistry.npmjs.org%2Flowercase-keys%2F-%2Flowercase-keys-1.0.1.tgz"
  checksum: 4d045026595936e09953e3867722e309415ff2c80d7701d067546d75ef698dac218a4f53c6d1d0e7368b47e45fd7529df47e6cb56fbb90523ba599f898b3d147
  languageName: node
  linkType: hard

"mime-db@npm:1.52.0":
  version: 1.52.0
  resolution: "mime-db@npm:1.52.0::__archiveUrl=https%3A%2F%2Fregistry.npmjs.org%2Fmime-db%2F-%2Fmime-db-1.52.0.tgz"
  checksum: 0d99a03585f8b39d68182803b12ac601d9c01abfa28ec56204fa330bc9f3d1c5e14beb049bafadb3dbdf646dfb94b87e24d4ec7b31b7279ef906a8ea9b6a513f
  languageName: node
  linkType: hard

"mime-types@npm:^2.1.12, mime-types@npm:^2.1.35, mime-types@npm:~2.1.19":
  version: 2.1.35
  resolution: "mime-types@npm:2.1.35::__archiveUrl=https%3A%2F%2Fregistry.npmjs.org%2Fmime-types%2F-%2Fmime-types-2.1.35.tgz"
  dependencies:
    mime-db: 1.52.0
  checksum: 89a5b7f1def9f3af5dad6496c5ed50191ae4331cc5389d7c521c8ad28d5fdad2d06fd81baf38fed813dc4e46bb55c8145bb0ff406330818c9cf712fb2e9b3836
  languageName: node
  linkType: hard

"ms@npm:2.1.2":
  version: 2.1.2
  resolution: "ms@npm:2.1.2::__archiveUrl=https%3A%2F%2Fregistry.npmjs.org%2Fms%2F-%2Fms-2.1.2.tgz"
  checksum: 673cdb2c3133eb050c745908d8ce632ed2c02d85640e2edb3ace856a2266a813b30c613569bf3354fdf4ea7d1a1494add3bfa95e2713baa27d0c2c71fc44f58f
  languageName: node
  linkType: hard

"node-fetch@npm:^2.6.1":
  version: 2.6.7
  resolution: "node-fetch@npm:2.6.7::__archiveUrl=https%3A%2F%2Fregistry.npmjs.org%2Fnode-fetch%2F-%2Fnode-fetch-2.6.7.tgz"
  dependencies:
    whatwg-url: ^5.0.0
  peerDependencies:
    encoding: ^0.1.0
  peerDependenciesMeta:
    encoding:
      optional: true
  checksum: 8d816ffd1ee22cab8301c7756ef04f3437f18dace86a1dae22cf81db8ef29c0bf6655f3215cb0cdb22b420b6fe141e64b26905e7f33f9377a7fa59135ea3e10b
  languageName: node
  linkType: hard

"node-os-utils@npm:^1.3.6":
  version: 1.3.6
  resolution: "node-os-utils@npm:1.3.6::__archiveUrl=https%3A%2F%2Fregistry.npmjs.org%2Fnode-os-utils%2F-%2Fnode-os-utils-1.3.6.tgz"
  checksum: 8ce66b648061dff3978c6e63ca7fa8748b285d28a5ebb57c6e6ce2250c34d8be408344d24a79590725a542eb4b6b297b1fa32ac6d73d85a3871b16afa204df6c
  languageName: node
  linkType: hard

"node.extend@npm:^2.0.2":
  version: 2.0.2
  resolution: "node.extend@npm:2.0.2::__archiveUrl=https%3A%2F%2Fregistry.npmjs.org%2Fnode.extend%2F-%2Fnode.extend-2.0.2.tgz"
  dependencies:
    has: ^1.0.3
    is: ^3.2.1
  checksum: b355cbd4347d3a908284457ba5ec446778b992d1ad8a1c68cc748977140207742b266a06262bf284752421106d1ec11d27acae1cd84cb2e4d27873f6d3efd771
  languageName: node
  linkType: hard

"oauth-sign@npm:~0.9.0":
  version: 0.9.0
  resolution: "oauth-sign@npm:0.9.0::__archiveUrl=https%3A%2F%2Fregistry.npmjs.org%2Foauth-sign%2F-%2Foauth-sign-0.9.0.tgz"
  checksum: 8f5497a127967866a3c67094c21efd295e46013a94e6e828573c62220e9af568cc1d2d04b16865ba583e430510fa168baf821ea78f355146d8ed7e350fc44c64
  languageName: node
  linkType: hard

"path@npm:^0.12.7":
  version: 0.12.7
  resolution: "path@npm:0.12.7::__archiveUrl=https%3A%2F%2Fregistry.npmjs.org%2Fpath%2F-%2Fpath-0.12.7.tgz"
  dependencies:
    process: ^0.11.1
    util: ^0.10.3
  checksum: d3665c9fba5a9f8530f549607a3bad653d29e574e6e76b783d3260c74d97b196a895039fe3baa52c328d2b93c3e78f4a8e22a5cb5bc16274d68c1bbb4864da18
  languageName: node
  linkType: hard

"performance-now@npm:^2.1.0":
  version: 2.1.0
  resolution: "performance-now@npm:2.1.0::__archiveUrl=https%3A%2F%2Fregistry.npmjs.org%2Fperformance-now%2F-%2Fperformance-now-2.1.0.tgz"
  checksum: c2495b1a9cd5de151e2763bcfdd52ce12a1467853f16873b7ad2f49f82a473507d97593ab77cb510d6e9060bcac5e1f255118e253a73ff1409e7a9dae9442b79
  languageName: node
  linkType: hard

"prepend-http@npm:^1.0.1":
  version: 1.0.4
  resolution: "prepend-http@npm:1.0.4::__archiveUrl=https%3A%2F%2Fregistry.npmjs.org%2Fprepend-http%2F-%2Fprepend-http-1.0.4.tgz"
  checksum: 01e7baf4ad38af02257b99098543469332fc42ae50df33d97a124bf8172295907352fa6138c9b1610c10c6dd0847ca736e53fda736387cc5cf8fcffe96b47f29
  languageName: node
  linkType: hard

"process@npm:^0.11.1":
  version: 0.11.10
  resolution: "process@npm:0.11.10::__archiveUrl=https%3A%2F%2Fregistry.npmjs.org%2Fprocess%2F-%2Fprocess-0.11.10.tgz"
  checksum: bfcce49814f7d172a6e6a14d5fa3ac92cc3d0c3b9feb1279774708a719e19acd673995226351a082a9ae99978254e320ccda4240ddc474ba31a76c79491ca7c3
  languageName: node
  linkType: hard

"psl@npm:^1.1.28":
  version: 1.8.0
  resolution: "psl@npm:1.8.0::__archiveUrl=https%3A%2F%2Fregistry.npmjs.org%2Fpsl%2F-%2Fpsl-1.8.0.tgz"
  checksum: 6150048ed2da3f919478bee8a82f3828303bc0fc730fb015a48f83c9977682c7b28c60ab01425a72d82a2891a1681627aa530a991d50c086b48a3be27744bde7
  languageName: node
  linkType: hard

"punycode@npm:^2.1.0, punycode@npm:^2.1.1":
  version: 2.1.1
  resolution: "punycode@npm:2.1.1::__archiveUrl=https%3A%2F%2Fregistry.npmjs.org%2Fpunycode%2F-%2Fpunycode-2.1.1.tgz"
  checksum: 823bf443c6dd14f669984dea25757b37993f67e8d94698996064035edd43bed8a5a17a9f12e439c2b35df1078c6bec05a6c86e336209eb1061e8025c481168e8
  languageName: node
  linkType: hard

"qs@npm:~6.5.2":
  version: 6.5.3
  resolution: "qs@npm:6.5.3::__archiveUrl=https%3A%2F%2Fregistry.npmjs.org%2Fqs%2F-%2Fqs-6.5.3.tgz"
  checksum: 6f20bf08cabd90c458e50855559539a28d00b2f2e7dddcb66082b16a43188418cb3cb77cbd09268bcef6022935650f0534357b8af9eeb29bf0f27ccb17655692
  languageName: node
  linkType: hard

"querystring@npm:^0.2.1":
  version: 0.2.1
  resolution: "querystring@npm:0.2.1::__archiveUrl=https%3A%2F%2Fregistry.npmjs.org%2Fquerystring%2F-%2Fquerystring-0.2.1.tgz"
  checksum: 7b83b45d641e75fd39cd6625ddfd44e7618e741c61e95281b57bbae8fde0afcc12cf851924559e5cc1ef9baa3b1e06e22b164ea1397d65dd94b801f678d9c8ce
  languageName: node
  linkType: hard

"request-promise-core@npm:1.1.4":
  version: 1.1.4
  resolution: "request-promise-core@npm:1.1.4::__archiveUrl=https%3A%2F%2Fregistry.npmjs.org%2Frequest-promise-core%2F-%2Frequest-promise-core-1.1.4.tgz"
  dependencies:
    lodash: ^4.17.19
  peerDependencies:
    request: ^2.34
  checksum: 288f3a7d15be06874d8485ce1c093934043a425832f3a7b79b8eca2e6af36c59c19870aea9c95d5ed35e823e50da7c72963fcc942b996a8093de9a464da02804
  languageName: node
  linkType: hard

"request-promise@npm:^4.2.6":
  version: 4.2.6
  resolution: "request-promise@npm:4.2.6::__archiveUrl=https%3A%2F%2Fregistry.npmjs.org%2Frequest-promise%2F-%2Frequest-promise-4.2.6.tgz"
  dependencies:
    bluebird: ^3.5.0
    request-promise-core: 1.1.4
    stealthy-require: ^1.1.1
    tough-cookie: ^2.3.3
  peerDependencies:
    request: ^2.34
  checksum: 1856c718cb4b888db8b6a206537ecac47390ea4fbdaef00da9a6169a03dd66a95c38493713f927f78a19bfeb28dcb28f5d20f6ab927d644d9e0626847d808f9f
  languageName: node
  linkType: hard

"request@npm:^2.88.2":
  version: 2.88.2
  resolution: "request@npm:2.88.2::__archiveUrl=https%3A%2F%2Fregistry.npmjs.org%2Frequest%2F-%2Frequest-2.88.2.tgz"
  dependencies:
    aws-sign2: ~0.7.0
    aws4: ^1.8.0
    caseless: ~0.12.0
    combined-stream: ~1.0.6
    extend: ~3.0.2
    forever-agent: ~0.6.1
    form-data: ~2.3.2
    har-validator: ~5.1.3
    http-signature: ~1.2.0
    is-typedarray: ~1.0.0
    isstream: ~0.1.2
    json-stringify-safe: ~5.0.1
    mime-types: ~2.1.19
    oauth-sign: ~0.9.0
    performance-now: ^2.1.0
    qs: ~6.5.2
    safe-buffer: ^5.1.2
    tough-cookie: ~2.5.0
    tunnel-agent: ^0.6.0
    uuid: ^3.3.2
  checksum: 4e112c087f6eabe7327869da2417e9d28fcd0910419edd2eb17b6acfc4bfa1dad61954525949c228705805882d8a98a86a0ea12d7f739c01ee92af7062996983
  languageName: node
  linkType: hard

"rfdc@npm:^1.3.0":
  version: 1.3.0
  resolution: "rfdc@npm:1.3.0::__archiveUrl=https%3A%2F%2Fregistry.npmjs.org%2Frfdc%2F-%2Frfdc-1.3.0.tgz"
  checksum: 58bcf93f2e17bbd0e317b97d5671bc4737d4b5aff1be1a758add587daa65b16b4ea55f0ee5415ae66a185d5f6c0c5b4d856598fb7f84c9b91cb5c4e414a3ff37
  languageName: node
  linkType: hard

"safe-buffer@npm:^5.0.1, safe-buffer@npm:^5.1.2":
  version: 5.2.1
  resolution: "safe-buffer@npm:5.2.1::__archiveUrl=https%3A%2F%2Fregistry.npmjs.org%2Fsafe-buffer%2F-%2Fsafe-buffer-5.2.1.tgz"
  checksum: b99c4b41fdd67a6aaf280fcd05e9ffb0813654894223afb78a31f14a19ad220bba8aba1cb14eddce1fcfb037155fe6de4e861784eb434f7d11ed58d1e70dd491
  languageName: node
  linkType: hard

"safer-buffer@npm:^2.0.2, safer-buffer@npm:^2.1.0, safer-buffer@npm:~2.1.0":
  version: 2.1.2
  resolution: "safer-buffer@npm:2.1.2::__archiveUrl=https%3A%2F%2Fregistry.npmjs.org%2Fsafer-buffer%2F-%2Fsafer-buffer-2.1.2.tgz"
  checksum: cab8f25ae6f1434abee8d80023d7e72b598cf1327164ddab31003c51215526801e40b66c5e65d658a0af1e9d6478cadcb4c745f4bd6751f97d8644786c0978b0
  languageName: node
  linkType: hard

"sax@npm:>=0.6.0":
  version: 1.2.4
  resolution: "sax@npm:1.2.4::__archiveUrl=https%3A%2F%2Fregistry.npmjs.org%2Fsax%2F-%2Fsax-1.2.4.tgz"
  checksum: d3df7d32b897a2c2f28e941f732c71ba90e27c24f62ee918bd4d9a8cfb3553f2f81e5493c7f0be94a11c1911b643a9108f231dd6f60df3fa9586b5d2e3e9e1fe
  languageName: node
  linkType: hard

"sshpk@npm:^1.7.0":
  version: 1.17.0
  resolution: "sshpk@npm:1.17.0::__archiveUrl=https%3A%2F%2Fregistry.npmjs.org%2Fsshpk%2F-%2Fsshpk-1.17.0.tgz"
  dependencies:
    asn1: ~0.2.3
    assert-plus: ^1.0.0
    bcrypt-pbkdf: ^1.0.0
    dashdash: ^1.12.0
    ecc-jsbn: ~0.1.1
    getpass: ^0.1.1
    jsbn: ~0.1.0
    safer-buffer: ^2.0.2
    tweetnacl: ~0.14.0
  bin:
    sshpk-conv: bin/sshpk-conv
    sshpk-sign: bin/sshpk-sign
    sshpk-verify: bin/sshpk-verify
  checksum: ba109f65c8e6c35133b8e6ed5576abeff8aa8d614824b7275ec3ca308f081fef483607c28d97780c1e235818b0f93ed8c8b56d0a5968d5a23fd6af57718c7597
  languageName: node
  linkType: hard

"stealthy-require@npm:^1.1.1":
  version: 1.1.1
  resolution: "stealthy-require@npm:1.1.1::__archiveUrl=https%3A%2F%2Fregistry.npmjs.org%2Fstealthy-require%2F-%2Fstealthy-require-1.1.1.tgz"
  checksum: 6805b857a9f3a6a1079fc6652278038b81011f2a5b22cbd559f71a6c02087e6f1df941eb10163e3fdc5391ab5807aa46758d4258547c1f5ede31e6d9bfda8dd3
  languageName: node
  linkType: hard

"streamroller@npm:^3.1.1":
  version: 3.1.1
  resolution: "streamroller@npm:3.1.1::__archiveUrl=https%3A%2F%2Fregistry.npmjs.org%2Fstreamroller%2F-%2Fstreamroller-3.1.1.tgz"
  dependencies:
    date-format: ^4.0.10
    debug: ^4.3.4
    fs-extra: ^10.1.0
  checksum: 8a30f0940ffcd9eca3f0a06a938adb3a7ba08fc1d1e694570ce3a922054735badf27de4539fb5b26c90f44368ba044a00203a7540b6955a481c8de83e9c00bb4
  languageName: node
  linkType: hard

"timed-out@npm:^4.0.0":
  version: 4.0.1
  resolution: "timed-out@npm:4.0.1::__archiveUrl=https%3A%2F%2Fregistry.npmjs.org%2Ftimed-out%2F-%2Ftimed-out-4.0.1.tgz"
  checksum: 98efc5d6fc0d2a329277bd4d34f65c1bf44d9ca2b14fd267495df92898f522e6f563c5e9e467c418e0836f5ca1f47a84ca3ee1de79b1cc6fe433834b7f02ec54
  languageName: node
  linkType: hard

"tough-cookie@npm:^2.3.3, tough-cookie@npm:~2.5.0":
  version: 2.5.0
  resolution: "tough-cookie@npm:2.5.0::__archiveUrl=https%3A%2F%2Fregistry.npmjs.org%2Ftough-cookie%2F-%2Ftough-cookie-2.5.0.tgz"
  dependencies:
    psl: ^1.1.28
    punycode: ^2.1.1
  checksum: 16a8cd090224dd176eee23837cbe7573ca0fa297d7e468ab5e1c02d49a4e9a97bb05fef11320605eac516f91d54c57838a25864e8680e27b069a5231d8264977
  languageName: node
  linkType: hard

"tr46@npm:~0.0.3":
  version: 0.0.3
  resolution: "tr46@npm:0.0.3::__archiveUrl=https%3A%2F%2Fregistry.npmjs.org%2Ftr46%2F-%2Ftr46-0.0.3.tgz"
  checksum: 2bdbb985e27dc770f1010f47e776a67e05a6cfcab86498bdf308f75fa0bf110297ebb272084275c0da119df3c2bf28cf2635296332f47c7ee19fe3cbe416178e
  languageName: node
  linkType: hard

"ts-mixer@npm:^6.0.1":
  version: 6.0.1
  resolution: "ts-mixer@npm:6.0.1::__archiveUrl=https%3A%2F%2Fregistry.npmjs.org%2Fts-mixer%2F-%2Fts-mixer-6.0.1.tgz"
  checksum: 5e72b62d843b03afc15dd653ffb48d104497695342b7194049668fa490786b1bebbf7ba3dc00a221d39bb70304feb3c3fbcc56798e6e915cf758687b44b8c0b5
  languageName: node
  linkType: hard

"tslib@npm:^2.3.1":
  version: 2.4.0
  resolution: "tslib@npm:2.4.0::__archiveUrl=https%3A%2F%2Fregistry.npmjs.org%2Ftslib%2F-%2Ftslib-2.4.0.tgz"
  checksum: 12c59c52109a9317146968d8d7c045bdc9a069d6bd0c72c3fced3f2999872a91d8e5e34002219ac633df4a643b1eaa198c856f5c1d6275609899fb8704c89e23
  languageName: node
  linkType: hard

"tunnel-agent@npm:^0.6.0":
  version: 0.6.0
  resolution: "tunnel-agent@npm:0.6.0::__archiveUrl=https%3A%2F%2Fregistry.npmjs.org%2Ftunnel-agent%2F-%2Ftunnel-agent-0.6.0.tgz"
  dependencies:
    safe-buffer: ^5.0.1
  checksum: 05f6510358f8afc62a057b8b692f05d70c1782b70db86d6a1e0d5e28a32389e52fa6e7707b6c5ecccacc031462e4bc35af85ecfe4bbc341767917b7cf6965711
  languageName: node
  linkType: hard

"tweetnacl@npm:^0.14.3, tweetnacl@npm:~0.14.0":
  version: 0.14.5
  resolution: "tweetnacl@npm:0.14.5::__archiveUrl=https%3A%2F%2Fregistry.npmjs.org%2Ftweetnacl%2F-%2Ftweetnacl-0.14.5.tgz"
  checksum: c30dc4940a5c29e709d726e9c6c13d8f7dfd6265e7bbd17e5feaa6908dc5d66ffb939c1611372adafd5f37e159730ddb7138ff3a05805da0bd5b6a07f4a6c3c0
  languageName: node
  linkType: hard

"universalify@npm:^2.0.0":
  version: 2.0.0
  resolution: "universalify@npm:2.0.0::__archiveUrl=https%3A%2F%2Fregistry.npmjs.org%2Funiversalify%2F-%2Funiversalify-2.0.0.tgz"
  checksum: 2406a4edf4a8830aa6813278bab1f953a8e40f2f63a37873ffa9a3bc8f9745d06cc8e88f3572cb899b7e509013f7f6fcc3e37e8a6d914167a5381d8440518c44
  languageName: node
  linkType: hard

"unzip-response@npm:^2.0.1":
  version: 2.0.1
  resolution: "unzip-response@npm:2.0.1::__archiveUrl=https%3A%2F%2Fregistry.npmjs.org%2Funzip-response%2F-%2Funzip-response-2.0.1.tgz"
  checksum: 433aa4869a82c0e2bf2896dce8072b723511023515ba97155759efeea7c0e4db8ecfee2fcc0babf168545c2be613aed205d5237423c249d77d0f5327a842c20d
  languageName: node
  linkType: hard

"uri-js@npm:^4.2.2":
  version: 4.4.1
  resolution: "uri-js@npm:4.4.1::__archiveUrl=https%3A%2F%2Fregistry.npmjs.org%2Furi-js%2F-%2Furi-js-4.4.1.tgz"
  dependencies:
    punycode: ^2.1.0
  checksum: 7587603bde0390b2aef0974dab5ecb14ddd5197259bb5603ae0699bc9de3b2d8d26854f3e9b84b030076c4e153cdb2d7e207f45dffd4016c2d84589b35166beb
  languageName: node
  linkType: hard

"url-parse-lax@npm:^1.0.0":
  version: 1.0.0
  resolution: "url-parse-lax@npm:1.0.0::__archiveUrl=https%3A%2F%2Fregistry.npmjs.org%2Furl-parse-lax%2F-%2Furl-parse-lax-1.0.0.tgz"
  dependencies:
    prepend-http: ^1.0.1
  checksum: 03316acff753845329652258c16d1688765ee34f7d242a94dadf9ff6e43ea567ec062cec7aa27c37f76f2c57f95e0660695afff32fb97b527591c7340a3090fa
  languageName: node
  linkType: hard

"util@npm:^0.10.3":
  version: 0.10.4
  resolution: "util@npm:0.10.4::__archiveUrl=https%3A%2F%2Fregistry.npmjs.org%2Futil%2F-%2Futil-0.10.4.tgz"
  dependencies:
    inherits: 2.0.3
  checksum: 913f9a90d05a60e91f91af01b8bd37e06bca4cc02d7b49e01089f9d5b78be2fffd61fb1a41b517de7238c5fc7337fa939c62d1fb4eb82e014894c7bee6637aaf
  languageName: node
  linkType: hard

"uuid@npm:^3.3.2":
  version: 3.4.0
  resolution: "uuid@npm:3.4.0::__archiveUrl=https%3A%2F%2Fregistry.npmjs.org%2Fuuid%2F-%2Fuuid-3.4.0.tgz"
  bin:
    uuid: ./bin/uuid
  checksum: 58de2feed61c59060b40f8203c0e4ed7fd6f99d42534a499f1741218a1dd0c129f4aa1de797bcf822c8ea5da7e4137aa3673431a96dae729047f7aca7b27866f
  languageName: node
  linkType: hard

"verror@npm:1.10.0":
  version: 1.10.0
  resolution: "verror@npm:1.10.0::__archiveUrl=https%3A%2F%2Fregistry.npmjs.org%2Fverror%2F-%2Fverror-1.10.0.tgz"
  dependencies:
    assert-plus: ^1.0.0
    core-util-is: 1.0.2
    extsprintf: ^1.2.0
  checksum: c431df0bedf2088b227a4e051e0ff4ca54df2c114096b0c01e1cbaadb021c30a04d7dd5b41ab277bcd51246ca135bf931d4c4c796ecae7a4fef6d744ecef36ea
  languageName: node
  linkType: hard

"webidl-conversions@npm:^3.0.0":
  version: 3.0.1
  resolution: "webidl-conversions@npm:3.0.1::__archiveUrl=https%3A%2F%2Fregistry.npmjs.org%2Fwebidl-conversions%2F-%2Fwebidl-conversions-3.0.1.tgz"
  checksum: c92a0a6ab95314bde9c32e1d0a6dfac83b578f8fa5f21e675bc2706ed6981bc26b7eb7e6a1fab158e5ce4adf9caa4a0aee49a52505d4d13c7be545f15021b17c
  languageName: node
  linkType: hard

"whatwg-url@npm:^5.0.0":
  version: 5.0.0
  resolution: "whatwg-url@npm:5.0.0::__archiveUrl=https%3A%2F%2Fregistry.npmjs.org%2Fwhatwg-url%2F-%2Fwhatwg-url-5.0.0.tgz"
  dependencies:
    tr46: ~0.0.3
    webidl-conversions: ^3.0.0
  checksum: b8daed4ad3356cc4899048a15b2c143a9aed0dfae1f611ebd55073310c7b910f522ad75d727346ad64203d7e6c79ef25eafd465f4d12775ca44b90fa82ed9e2c
  languageName: node
  linkType: hard

"ws@npm:^8.6.0":
  version: 8.6.0
  resolution: "ws@npm:8.6.0::__archiveUrl=https%3A%2F%2Fregistry.npmjs.org%2Fws%2F-%2Fws-8.6.0.tgz"
  peerDependencies:
    bufferutil: ^4.0.1
    utf-8-validate: ^5.0.2
  peerDependenciesMeta:
    bufferutil:
      optional: true
    utf-8-validate:
      optional: true
  checksum: e2fca82059f1e087d0c78e2f37135e1b8332bc804fce46f83c2db1cb8571685abf9d2c99b964bab3752536ad90b99b46fb8d1428899aed3e560684ab4641bffd
  languageName: node
  linkType: hard

"xml2js@npm:^0.4.23":
  version: 0.4.23
  resolution: "xml2js@npm:0.4.23::__archiveUrl=https%3A%2F%2Fregistry.npmjs.org%2Fxml2js%2F-%2Fxml2js-0.4.23.tgz"
  dependencies:
    sax: ">=0.6.0"
    xmlbuilder: ~11.0.0
  checksum: ca0cf2dfbf6deeaae878a891c8fbc0db6fd04398087084edf143cdc83d0509ad0fe199b890f62f39c4415cf60268a27a6aed0d343f0658f8779bd7add690fa98
  languageName: node
  linkType: hard

"xmlbuilder@npm:~11.0.0":
  version: 11.0.1
  resolution: "xmlbuilder@npm:11.0.1::__archiveUrl=https%3A%2F%2Fregistry.npmjs.org%2Fxmlbuilder%2F-%2Fxmlbuilder-11.0.1.tgz"
  checksum: 7152695e16f1a9976658215abab27e55d08b1b97bca901d58b048d2b6e106b5af31efccbdecf9b07af37c8377d8e7e821b494af10b3a68b0ff4ae60331b415b0
  languageName: node
  linkType: hard
